// !$*UTF8*$!
{
	archiveVersion = 1;
	classes = {
	};
	objectVersion = 50;
	objects = {

/* Begin PBXBuildFile section */
		3F3D755525E15ED5003FF18E /* AppDelegate.swift in Sources */ = {isa = PBXBuildFile; fileRef = 3F3D755425E15ED5003FF18E /* AppDelegate.swift */; };
		3F3D755725E15ED5003FF18E /* SceneDelegate.swift in Sources */ = {isa = PBXBuildFile; fileRef = 3F3D755625E15ED5003FF18E /* SceneDelegate.swift */; };
		3F3D755925E15ED5003FF18E /* ViewController.swift in Sources */ = {isa = PBXBuildFile; fileRef = 3F3D755825E15ED5003FF18E /* ViewController.swift */; };
		3F3D755C25E15ED5003FF18E /* Main.storyboard in Resources */ = {isa = PBXBuildFile; fileRef = 3F3D755A25E15ED5003FF18E /* Main.storyboard */; };
		3F3D755E25E15ED9003FF18E /* Assets.xcassets in Resources */ = {isa = PBXBuildFile; fileRef = 3F3D755D25E15ED9003FF18E /* Assets.xcassets */; };
		3F3D756125E15ED9003FF18E /* LaunchScreen.storyboard in Resources */ = {isa = PBXBuildFile; fileRef = 3F3D755F25E15ED9003FF18E /* LaunchScreen.storyboard */; };
		3F3D756B25E15FD2003FF18E /* Currency.swift in Sources */ = {isa = PBXBuildFile; fileRef = 3F3D756A25E15FD2003FF18E /* Currency.swift */; };
		3F3D756E25E16003003FF18E /* CurrencyManager.swift in Sources */ = {isa = PBXBuildFile; fileRef = 3F3D756D25E16003003FF18E /* CurrencyManager.swift */; };
		3F3D757125E16149003FF18E /* Constant.swift in Sources */ = {isa = PBXBuildFile; fileRef = 3F3D757025E16149003FF18E /* Constant.swift */; };
/* End PBXBuildFile section */

/* Begin PBXFileReference section */
		3F3D755125E15ED5003FF18E /* currency.app */ = {isa = PBXFileReference; explicitFileType = wrapper.application; includeInIndex = 0; path = currency.app; sourceTree = BUILT_PRODUCTS_DIR; };
		3F3D755425E15ED5003FF18E /* AppDelegate.swift */ = {isa = PBXFileReference; lastKnownFileType = sourcecode.swift; path = AppDelegate.swift; sourceTree = "<group>"; };
		3F3D755625E15ED5003FF18E /* SceneDelegate.swift */ = {isa = PBXFileReference; lastKnownFileType = sourcecode.swift; path = SceneDelegate.swift; sourceTree = "<group>"; };
		3F3D755825E15ED5003FF18E /* ViewController.swift */ = {isa = PBXFileReference; lastKnownFileType = sourcecode.swift; path = ViewController.swift; sourceTree = "<group>"; };
		3F3D755B25E15ED5003FF18E /* Base */ = {isa = PBXFileReference; lastKnownFileType = file.storyboard; name = Base; path = Base.lproj/Main.storyboard; sourceTree = "<group>"; };
		3F3D755D25E15ED9003FF18E /* Assets.xcassets */ = {isa = PBXFileReference; lastKnownFileType = folder.assetcatalog; path = Assets.xcassets; sourceTree = "<group>"; };
		3F3D756025E15ED9003FF18E /* Base */ = {isa = PBXFileReference; lastKnownFileType = file.storyboard; name = Base; path = Base.lproj/LaunchScreen.storyboard; sourceTree = "<group>"; };
		3F3D756225E15ED9003FF18E /* Info.plist */ = {isa = PBXFileReference; lastKnownFileType = text.plist.xml; path = Info.plist; sourceTree = "<group>"; };
		3F3D756A25E15FD2003FF18E /* Currency.swift */ = {isa = PBXFileReference; lastKnownFileType = sourcecode.swift; path = Currency.swift; sourceTree = "<group>"; };
		3F3D756D25E16003003FF18E /* CurrencyManager.swift */ = {isa = PBXFileReference; lastKnownFileType = sourcecode.swift; path = CurrencyManager.swift; sourceTree = "<group>"; };
		3F3D757025E16149003FF18E /* Constant.swift */ = {isa = PBXFileReference; lastKnownFileType = sourcecode.swift; path = Constant.swift; sourceTree = "<group>"; };
/* End PBXFileReference section */

/* Begin PBXFrameworksBuildPhase section */
		3F3D754E25E15ED5003FF18E /* Frameworks */ = {
			isa = PBXFrameworksBuildPhase;
			buildActionMask = 2147483647;
			files = (
			);
			runOnlyForDeploymentPostprocessing = 0;
		};
/* End PBXFrameworksBuildPhase section */

/* Begin PBXGroup section */
		3F0649D125E8129300F99BA2 /* View */ = {
			isa = PBXGroup;
			children = (
				3F3D755A25E15ED5003FF18E /* Main.storyboard */,
			);
			path = View;
			sourceTree = "<group>";
		};
		3F3D754825E15ED5003FF18E = {
			isa = PBXGroup;
			children = (
				3F3D755325E15ED5003FF18E /* currency */,
				3F3D755225E15ED5003FF18E /* Products */,
			);
			sourceTree = "<group>";
		};
		3F3D755225E15ED5003FF18E /* Products */ = {
			isa = PBXGroup;
			children = (
				3F3D755125E15ED5003FF18E /* currency.app */,
			);
			name = Products;
			sourceTree = "<group>";
		};
		3F3D755325E15ED5003FF18E /* currency */ = {
			isa = PBXGroup;
			children = (
				3F3D755425E15ED5003FF18E /* AppDelegate.swift */,
				3F3D755625E15ED5003FF18E /* SceneDelegate.swift */,
				3F3D757825E40915003FF18E /* Controller */,
				3F0649D125E8129300F99BA2 /* View */,
				3F3D755D25E15ED9003FF18E /* Assets.xcassets */,
				3F3D755F25E15ED9003FF18E /* LaunchScreen.storyboard */,
				3F3D756225E15ED9003FF18E /* Info.plist */,
				3F3D757A25E40926003FF18E /* Model */,
				3F3D757625E408CB003FF18E /* Helper */,
			);
			path = currency;
			sourceTree = "<group>";
		};
		3F3D757625E408CB003FF18E /* Helper */ = {
			isa = PBXGroup;
			children = (
				3F3D757025E16149003FF18E /* Constant.swift */,
			);
			path = Helper;
			sourceTree = "<group>";
		};
		3F3D757825E40915003FF18E /* Controller */ = {
			isa = PBXGroup;
			children = (
				3F3D755825E15ED5003FF18E /* ViewController.swift */,
			);
			path = Controller;
			sourceTree = "<group>";
		};
		3F3D757A25E40926003FF18E /* Model */ = {
			isa = PBXGroup;
			children = (
				3F3D756A25E15FD2003FF18E /* Currency.swift */,
				3F3D756D25E16003003FF18E /* CurrencyManager.swift */,
			);
			path = Model;
			sourceTree = "<group>";
		};
/* End PBXGroup section */

/* Begin PBXNativeTarget section */
		3F3D755025E15ED5003FF18E /* currency */ = {
			isa = PBXNativeTarget;
			buildConfigurationList = 3F3D756525E15ED9003FF18E /* Build configuration list for PBXNativeTarget "currency" */;
			buildPhases = (
				3F3D754D25E15ED5003FF18E /* Sources */,
				3F3D754E25E15ED5003FF18E /* Frameworks */,
				3F3D754F25E15ED5003FF18E /* Resources */,
			);
			buildRules = (
			);
			dependencies = (
			);
			name = currency;
			productName = currency;
			productReference = 3F3D755125E15ED5003FF18E /* currency.app */;
			productType = "com.apple.product-type.application";
		};
/* End PBXNativeTarget section */

/* Begin PBXProject section */
		3F3D754925E15ED5003FF18E /* Project object */ = {
			isa = PBXProject;
			attributes = {
				LastSwiftUpdateCheck = 1230;
				LastUpgradeCheck = 1230;
				TargetAttributes = {
					3F3D755025E15ED5003FF18E = {
						CreatedOnToolsVersion = 12.3;
					};
				};
			};
			buildConfigurationList = 3F3D754C25E15ED5003FF18E /* Build configuration list for PBXProject "currency" */;
			compatibilityVersion = "Xcode 9.3";
			developmentRegion = en;
			hasScannedForEncodings = 0;
			knownRegions = (
				en,
				Base,
			);
			mainGroup = 3F3D754825E15ED5003FF18E;
			productRefGroup = 3F3D755225E15ED5003FF18E /* Products */;
			projectDirPath = "";
			projectRoot = "";
			targets = (
				3F3D755025E15ED5003FF18E /* currency */,
			);
		};
/* End PBXProject section */

/* Begin PBXResourcesBuildPhase section */
		3F3D754F25E15ED5003FF18E /* Resources */ = {
			isa = PBXResourcesBuildPhase;
			buildActionMask = 2147483647;
			files = (
				3F3D756125E15ED9003FF18E /* LaunchScreen.storyboard in Resources */,
				3F3D755E25E15ED9003FF18E /* Assets.xcassets in Resources */,
				3F3D755C25E15ED5003FF18E /* Main.storyboard in Resources */,
			);
			runOnlyForDeploymentPostprocessing = 0;
		};
/* End PBXResourcesBuildPhase section */

/* Begin PBXSourcesBuildPhase section */
		3F3D754D25E15ED5003FF18E /* Sources */ = {
			isa = PBXSourcesBuildPhase;
			buildActionMask = 2147483647;
			files = (
				3F3D756B25E15FD2003FF18E /* Currency.swift in Sources */,
				3F3D756E25E16003003FF18E /* CurrencyManager.swift in Sources */,
				3F3D755925E15ED5003FF18E /* ViewController.swift in Sources */,
				3F3D755525E15ED5003FF18E /* AppDelegate.swift in Sources */,
				3F3D755725E15ED5003FF18E /* SceneDelegate.swift in Sources */,
				3F3D757125E16149003FF18E /* Constant.swift in Sources */,
			);
			runOnlyForDeploymentPostprocessing = 0;
		};
/* End PBXSourcesBuildPhase section */

/* Begin PBXVariantGroup section */
		3F3D755A25E15ED5003FF18E /* Main.storyboard */ = {
			isa = PBXVariantGroup;
			children = (
				3F3D755B25E15ED5003FF18E /* Base */,
			);
			name = Main.storyboard;
			sourceTree = "<group>";
		};
		3F3D755F25E15ED9003FF18E /* LaunchScreen.storyboard */ = {
			isa = PBXVariantGroup;
			children = (
				3F3D756025E15ED9003FF18E /* Base */,
			);
			name = LaunchScreen.storyboard;
			sourceTree = "<group>";
		};
/* End PBXVariantGroup section */

/* Begin XCBuildConfiguration section */
		3F3D756325E15ED9003FF18E /* Debug */ = {
			isa = XCBuildConfiguration;
			buildSettings = {
				ALWAYS_SEARCH_USER_PATHS = NO;
				CLANG_ANALYZER_NONNULL = YES;
				CLANG_ANALYZER_NUMBER_OBJECT_CONVERSION = YES_AGGRESSIVE;
				CLANG_CXX_LANGUAGE_STANDARD = "gnu++14";
				CLANG_CXX_LIBRARY = "libc++";
				CLANG_ENABLE_MODULES = YES;
				CLANG_ENABLE_OBJC_ARC = YES;
				CLANG_ENABLE_OBJC_WEAK = YES;
				CLANG_WARN_BLOCK_CAPTURE_AUTORELEASING = YES;
				CLANG_WARN_BOOL_CONVERSION = YES;
				CLANG_WARN_COMMA = YES;
				CLANG_WARN_CONSTANT_CONVERSION = YES;
				CLANG_WARN_DEPRECATED_OBJC_IMPLEMENTATIONS = YES;
				CLANG_WARN_DIRECT_OBJC_ISA_USAGE = YES_ERROR;
				CLANG_WARN_DOCUMENTATION_COMMENTS = YES;
				CLANG_WARN_EMPTY_BODY = YES;
				CLANG_WARN_ENUM_CONVERSION = YES;
				CLANG_WARN_INFINITE_RECURSION = YES;
				CLANG_WARN_INT_CONVERSION = YES;
				CLANG_WARN_NON_LITERAL_NULL_CONVERSION = YES;
				CLANG_WARN_OBJC_IMPLICIT_RETAIN_SELF = YES;
				CLANG_WARN_OBJC_LITERAL_CONVERSION = YES;
				CLANG_WARN_OBJC_ROOT_CLASS = YES_ERROR;
				CLANG_WARN_QUOTED_INCLUDE_IN_FRAMEWORK_HEADER = YES;
				CLANG_WARN_RANGE_LOOP_ANALYSIS = YES;
				CLANG_WARN_STRICT_PROTOTYPES = YES;
				CLANG_WARN_SUSPICIOUS_MOVE = YES;
				CLANG_WARN_UNGUARDED_AVAILABILITY = YES_AGGRESSIVE;
				CLANG_WARN_UNREACHABLE_CODE = YES;
				CLANG_WARN__DUPLICATE_METHOD_MATCH = YES;
				COPY_PHASE_STRIP = NO;
				DEBUG_INFORMATION_FORMAT = dwarf;
				ENABLE_STRICT_OBJC_MSGSEND = YES;
				ENABLE_TESTABILITY = YES;
				GCC_C_LANGUAGE_STANDARD = gnu11;
				GCC_DYNAMIC_NO_PIC = NO;
				GCC_NO_COMMON_BLOCKS = YES;
				GCC_OPTIMIZATION_LEVEL = 0;
				GCC_PREPROCESSOR_DEFINITIONS = (
					"DEBUG=1",
					"$(inherited)",
				);
				GCC_WARN_64_TO_32_BIT_CONVERSION = YES;
				GCC_WARN_ABOUT_RETURN_TYPE = YES_ERROR;
				GCC_WARN_UNDECLARED_SELECTOR = YES;
				GCC_WARN_UNINITIALIZED_AUTOS = YES_AGGRESSIVE;
				GCC_WARN_UNUSED_FUNCTION = YES;
				GCC_WARN_UNUSED_VARIABLE = YES;
				IPHONEOS_DEPLOYMENT_TARGET = 14.3;
				MTL_ENABLE_DEBUG_INFO = INCLUDE_SOURCE;
				MTL_FAST_MATH = YES;
				ONLY_ACTIVE_ARCH = YES;
				SDKROOT = iphoneos;
				SWIFT_ACTIVE_COMPILATION_CONDITIONS = DEBUG;
				SWIFT_OPTIMIZATION_LEVEL = "-Onone";
			};
			name = Debug;
		};
		3F3D756425E15ED9003FF18E /* Release */ = {
			isa = XCBuildConfiguration;
			buildSettings = {
				ALWAYS_SEARCH_USER_PATHS = NO;
				CLANG_ANALYZER_NONNULL = YES;
				CLANG_ANALYZER_NUMBER_OBJECT_CONVERSION = YES_AGGRESSIVE;
				CLANG_CXX_LANGUAGE_STANDARD = "gnu++14";
				CLANG_CXX_LIBRARY = "libc++";
				CLANG_ENABLE_MODULES = YES;
				CLANG_ENABLE_OBJC_ARC = YES;
				CLANG_ENABLE_OBJC_WEAK = YES;
				CLANG_WARN_BLOCK_CAPTURE_AUTORELEASING = YES;
				CLANG_WARN_BOOL_CONVERSION = YES;
				CLANG_WARN_COMMA = YES;
				CLANG_WARN_CONSTANT_CONVERSION = YES;
				CLANG_WARN_DEPRECATED_OBJC_IMPLEMENTATIONS = YES;
				CLANG_WARN_DIRECT_OBJC_ISA_USAGE = YES_ERROR;
				CLANG_WARN_DOCUMENTATION_COMMENTS = YES;
				CLANG_WARN_EMPTY_BODY = YES;
				CLANG_WARN_ENUM_CONVERSION = YES;
				CLANG_WARN_INFINITE_RECURSION = YES;
				CLANG_WARN_INT_CONVERSION = YES;
				CLANG_WARN_NON_LITERAL_NULL_CONVERSION = YES;
				CLANG_WARN_OBJC_IMPLICIT_RETAIN_SELF = YES;
				CLANG_WARN_OBJC_LITERAL_CONVERSION = YES;
				CLANG_WARN_OBJC_ROOT_CLASS = YES_ERROR;
				CLANG_WARN_QUOTED_INCLUDE_IN_FRAMEWORK_HEADER = YES;
				CLANG_WARN_RANGE_LOOP_ANALYSIS = YES;
				CLANG_WARN_STRICT_PROTOTYPES = YES;
				CLANG_WARN_SUSPICIOUS_MOVE = YES;
				CLANG_WARN_UNGUARDED_AVAILABILITY = YES_AGGRESSIVE;
				CLANG_WARN_UNREACHABLE_CODE = YES;
				CLANG_WARN__DUPLICATE_METHOD_MATCH = YES;
				COPY_PHASE_STRIP = NO;
				DEBUG_INFORMATION_FORMAT = "dwarf-with-dsym";
				ENABLE_NS_ASSERTIONS = NO;
				ENABLE_STRICT_OBJC_MSGSEND = YES;
				GCC_C_LANGUAGE_STANDARD = gnu11;
				GCC_NO_COMMON_BLOCKS = YES;
				GCC_WARN_64_TO_32_BIT_CONVERSION = YES;
				GCC_WARN_ABOUT_RETURN_TYPE = YES_ERROR;
				GCC_WARN_UNDECLARED_SELECTOR = YES;
				GCC_WARN_UNINITIALIZED_AUTOS = YES_AGGRESSIVE;
				GCC_WARN_UNUSED_FUNCTION = YES;
				GCC_WARN_UNUSED_VARIABLE = YES;
				IPHONEOS_DEPLOYMENT_TARGET = 14.3;
				MTL_ENABLE_DEBUG_INFO = NO;
				MTL_FAST_MATH = YES;
				SDKROOT = iphoneos;
				SWIFT_COMPILATION_MODE = wholemodule;
				SWIFT_OPTIMIZATION_LEVEL = "-O";
				VALIDATE_PRODUCT = YES;
			};
			name = Release;
		};
		3F3D756625E15ED9003FF18E /* Debug */ = {
			isa = XCBuildConfiguration;
			buildSettings = {
				ASSETCATALOG_COMPILER_APPICON_NAME = AppIcon;
				ASSETCATALOG_COMPILER_GLOBAL_ACCENT_COLOR_NAME = AccentColor;
				CODE_SIGN_STYLE = Automatic;
				DEVELOPMENT_TEAM = UU2676CNYZ;
				INFOPLIST_FILE = currency/Info.plist;
				LD_RUNPATH_SEARCH_PATHS = (
					"$(inherited)",
					"@executable_path/Frameworks",
				);
				PRODUCT_BUNDLE_IDENTIFIER = "Razieh-Halimi.currency";
				PRODUCT_NAME = "$(TARGET_NAME)";
				SWIFT_VERSION = 5.0;
				TARGETED_DEVICE_FAMILY = "1,2";
			};
			name = Debug;
		};
		3F3D756725E15ED9003FF18E /* Release */ = {
			isa = XCBuildConfiguration;
			buildSettings = {
				ASSETCATALOG_COMPILER_APPICON_NAME = AppIcon;
				ASSETCATALOG_COMPILER_GLOBAL_ACCENT_COLOR_NAME = AccentColor;
				CODE_SIGN_STYLE = Automatic;
				DEVELOPMENT_TEAM = UU2676CNYZ;
				INFOPLIST_FILE = currency/Info.plist;
				LD_RUNPATH_SEARCH_PATHS = (
					"$(inherited)",
					"@executable_path/Frameworks",
				);
				PRODUCT_BUNDLE_IDENTIFIER = "Razieh-Halimi.currency";
				PRODUCT_NAME = "$(TARGET_NAME)";
				SWIFT_VERSION = 5.0;
				TARGETED_DEVICE_FAMILY = "1,2";
			};
			name = Release;
		};
/* End XCBuildConfiguration section */

/* Begin XCConfigurationList section */
		3F3D754C25E15ED5003FF18E /* Build configuration list for PBXProject "currency" */ = {
			isa = XCConfigurationList;
			buildConfigurations = (
				3F3D756325E15ED9003FF18E /* Debug */,
				3F3D756425E15ED9003FF18E /* Release */,
			);
			defaultConfigurationIsVisible = 0;
			defaultConfigurationName = Release;
		};
		3F3D756525E15ED9003FF18E /* Build configuration list for PBXNativeTarget "currency" */ = {
			isa = XCConfigurationList;
			buildConfigurations = (
				3F3D756625E15ED9003FF18E /* Debug */,
				3F3D756725E15ED9003FF18E /* Release */,
			);
			defaultConfigurationIsVisible = 0;
			defaultConfigurationName = Release;
		};
/* End XCConfigurationList section */
	};
	rootObject = 3F3D754925E15ED5003FF18E /* Project object */;
}
